
Microsoft Visual Studio Solution File, Format Version 12.00
# Visual Studio Version 17
VisualStudioVersion = 17.14.36109.1 d17.14
MinimumVisualStudioVersion = 10.0.40219.1
Project("{FAE04EC0-301F-11D3-BF4B-00C04F79EFBC}") = "01.Ranking", "01.Ranking\01.Ranking.csproj", "{8A456B7F-36B8-4A9F-9EA8-1B6D6435199D}"
EndProject
Project("{FAE04EC0-301F-11D3-BF4B-00C04F79EFBC}") = "02.Judge", "02.Judge\02.Judge.csproj", "{E9740031-310E-40FA-884B-12B3C05835A5}"
EndProject
Project("{FAE04EC0-301F-11D3-BF4B-00C04F79EFBC}") = "03.MOBAChallenger", "03.MOBAChallenger\03.MOBAChallenger.csproj", "{0CA926DF-2555-40F4-B287-F41A4D8576D0}"
EndProject
Project("{FAE04EC0-301F-11D3-BF4B-00C04F79EFBC}") = "04.Snowwhite", "04.Snowwhite\04.Snowwhite.csproj", "{F9DEC56F-300F-42B4-A6B3-52B6DF375AD5}"
EndProject
Project("{FAE04EC0-301F-11D3-BF4B-00C04F79EFBC}") = "05.DragonArmy", "05.DragonArmy\05.DragonArmy.csproj", "{9D932EFE-14B7-4F70-8D19-3C574C5A1463}"
EndProject
Global
	GlobalSection(SolutionConfigurationPlatforms) = preSolution
		Debug|Any CPU = Debug|Any CPU
		Release|Any CPU = Release|Any CPU
	EndGlobalSection
	GlobalSection(ProjectConfigurationPlatforms) = postSolution
		{8A456B7F-36B8-4A9F-9EA8-1B6D6435199D}.Debug|Any CPU.ActiveCfg = Debug|Any CPU
		{8A456B7F-36B8-4A9F-9EA8-1B6D6435199D}.Debug|Any CPU.Build.0 = Debug|Any CPU
		{8A456B7F-36B8-4A9F-9EA8-1B6D6435199D}.Release|Any CPU.ActiveCfg = Release|Any CPU
		{8A456B7F-36B8-4A9F-9EA8-1B6D6435199D}.Release|Any CPU.Build.0 = Release|Any CPU
		{E9740031-310E-40FA-884B-12B3C05835A5}.Debug|Any CPU.ActiveCfg = Debug|Any CPU
		{E9740031-310E-40FA-884B-12B3C05835A5}.Debug|Any CPU.Build.0 = Debug|Any CPU
		{E9740031-310E-40FA-884B-12B3C05835A5}.Release|Any CPU.ActiveCfg = Release|Any CPU
		{E9740031-310E-40FA-884B-12B3C05835A5}.Release|Any CPU.Build.0 = Release|Any CPU
		{0CA926DF-2555-40F4-B287-F41A4D8576D0}.Debug|Any CPU.ActiveCfg = Debug|Any CPU
		{0CA926DF-2555-40F4-B287-F41A4D8576D0}.Debug|Any CPU.Build.0 = Debug|Any CPU
		{0CA926DF-2555-40F4-B287-F41A4D8576D0}.Release|Any CPU.ActiveCfg = Release|Any CPU
		{0CA926DF-2555-40F4-B287-F41A4D8576D0}.Release|Any CPU.Build.0 = Release|Any CPU
		{F9DEC56F-300F-42B4-A6B3-52B6DF375AD5}.Debug|Any CPU.ActiveCfg = Debug|Any CPU
		{F9DEC56F-300F-42B4-A6B3-52B6DF375AD5}.Debug|Any CPU.Build.0 = Debug|Any CPU
		{F9DEC56F-300F-42B4-A6B3-52B6DF375AD5}.Release|Any CPU.ActiveCfg = Release|Any CPU
		{F9DEC56F-300F-42B4-A6B3-52B6DF375AD5}.Release|Any CPU.Build.0 = Release|Any CPU
		{9D932EFE-14B7-4F70-8D19-3C574C5A1463}.Debug|Any CPU.ActiveCfg = Debug|Any CPU
		{9D932EFE-14B7-4F70-8D19-3C574C5A1463}.Debug|Any CPU.Build.0 = Debug|Any CPU
		{9D932EFE-14B7-4F70-8D19-3C574C5A1463}.Release|Any CPU.ActiveCfg = Release|Any CPU
		{9D932EFE-14B7-4F70-8D19-3C574C5A1463}.Release|Any CPU.Build.0 = Release|Any CPU
	EndGlobalSection
	GlobalSection(SolutionProperties) = preSolution
		HideSolutionNode = FALSE
	EndGlobalSection
	GlobalSection(ExtensibilityGlobals) = postSolution
		SolutionGuid = {E70102FF-EF80-4512-9D1A-B42FB7AE0180}
	EndGlobalSection
EndGlobal
