
Microsoft Visual Studio Solution File, Format Version 12.00
# Visual Studio Version 17
VisualStudioVersion = 17.14.36109.1 d17.14
MinimumVisualStudioVersion = 10.0.40219.1
Project("{FAE04EC0-301F-11D3-BF4B-00C04F79EFBC}") = "01.RandomizeWords", "01.RandomizeWords\01.RandomizeWords.csproj", "{44B4317E-D57B-47A5-A0B8-B15BFC23215F}"
EndProject
Project("{FAE04EC0-301F-11D3-BF4B-00C04F79EFBC}") = "02.BigFactorial", "02.BigFactorial\02.BigFactorial.csproj", "{9D458BA7-0004-49DF-BB0E-CA75132F8DBC}"
EndProject
Project("{FAE04EC0-301F-11D3-BF4B-00C04F79EFBC}") = "03.Songs", "03.Songs\03.Songs.csproj", "{BE51C413-A521-4DCF-AA6C-1B4001A4DF82}"
EndProject
Project("{FAE04EC0-301F-11D3-BF4B-00C04F79EFBC}") = "04.Students", "04.Students\04.Students.csproj", "{2347C1A2-35C1-4B94-9A8B-F0A121DDAE23}"
EndProject
Project("{FAE04EC0-301F-11D3-BF4B-00C04F79EFBC}") = "05.Students2.0", "05.Students2.0\05.Students2.0.csproj", "{8E36A2F9-F16F-4CC5-BB18-267EAA3C2E70}"
EndProject
Project("{FAE04EC0-301F-11D3-BF4B-00C04F79EFBC}") = "06.StoreBoxes", "06.StoreBoxes\06.StoreBoxes.csproj", "{A49A5A7C-2419-4FE0-A5AD-8C4A9B86F770}"
EndProject
Project("{FAE04EC0-301F-11D3-BF4B-00C04F79EFBC}") = "07.VehicleCatalogue", "07.VehicleCatalogue\07.VehicleCatalogue.csproj", "{C6C2CE8F-1BD9-42FA-B7B3-07B3EDC8A06B}"
EndProject
Global
	GlobalSection(SolutionConfigurationPlatforms) = preSolution
		Debug|Any CPU = Debug|Any CPU
		Release|Any CPU = Release|Any CPU
	EndGlobalSection
	GlobalSection(ProjectConfigurationPlatforms) = postSolution
		{44B4317E-D57B-47A5-A0B8-B15BFC23215F}.Debug|Any CPU.ActiveCfg = Debug|Any CPU
		{44B4317E-D57B-47A5-A0B8-B15BFC23215F}.Debug|Any CPU.Build.0 = Debug|Any CPU
		{44B4317E-D57B-47A5-A0B8-B15BFC23215F}.Release|Any CPU.ActiveCfg = Release|Any CPU
		{44B4317E-D57B-47A5-A0B8-B15BFC23215F}.Release|Any CPU.Build.0 = Release|Any CPU
		{9D458BA7-0004-49DF-BB0E-CA75132F8DBC}.Debug|Any CPU.ActiveCfg = Debug|Any CPU
		{9D458BA7-0004-49DF-BB0E-CA75132F8DBC}.Debug|Any CPU.Build.0 = Debug|Any CPU
		{9D458BA7-0004-49DF-BB0E-CA75132F8DBC}.Release|Any CPU.ActiveCfg = Release|Any CPU
		{9D458BA7-0004-49DF-BB0E-CA75132F8DBC}.Release|Any CPU.Build.0 = Release|Any CPU
		{BE51C413-A521-4DCF-AA6C-1B4001A4DF82}.Debug|Any CPU.ActiveCfg = Debug|Any CPU
		{BE51C413-A521-4DCF-AA6C-1B4001A4DF82}.Debug|Any CPU.Build.0 = Debug|Any CPU
		{BE51C413-A521-4DCF-AA6C-1B4001A4DF82}.Release|Any CPU.ActiveCfg = Release|Any CPU
		{BE51C413-A521-4DCF-AA6C-1B4001A4DF82}.Release|Any CPU.Build.0 = Release|Any CPU
		{2347C1A2-35C1-4B94-9A8B-F0A121DDAE23}.Debug|Any CPU.ActiveCfg = Debug|Any CPU
		{2347C1A2-35C1-4B94-9A8B-F0A121DDAE23}.Debug|Any CPU.Build.0 = Debug|Any CPU
		{2347C1A2-35C1-4B94-9A8B-F0A121DDAE23}.Release|Any CPU.ActiveCfg = Release|Any CPU
		{2347C1A2-35C1-4B94-9A8B-F0A121DDAE23}.Release|Any CPU.Build.0 = Release|Any CPU
		{8E36A2F9-F16F-4CC5-BB18-267EAA3C2E70}.Debug|Any CPU.ActiveCfg = Debug|Any CPU
		{8E36A2F9-F16F-4CC5-BB18-267EAA3C2E70}.Debug|Any CPU.Build.0 = Debug|Any CPU
		{8E36A2F9-F16F-4CC5-BB18-267EAA3C2E70}.Release|Any CPU.ActiveCfg = Release|Any CPU
		{8E36A2F9-F16F-4CC5-BB18-267EAA3C2E70}.Release|Any CPU.Build.0 = Release|Any CPU
		{A49A5A7C-2419-4FE0-A5AD-8C4A9B86F770}.Debug|Any CPU.ActiveCfg = Debug|Any CPU
		{A49A5A7C-2419-4FE0-A5AD-8C4A9B86F770}.Debug|Any CPU.Build.0 = Debug|Any CPU
		{A49A5A7C-2419-4FE0-A5AD-8C4A9B86F770}.Release|Any CPU.ActiveCfg = Release|Any CPU
		{A49A5A7C-2419-4FE0-A5AD-8C4A9B86F770}.Release|Any CPU.Build.0 = Release|Any CPU
		{C6C2CE8F-1BD9-42FA-B7B3-07B3EDC8A06B}.Debug|Any CPU.ActiveCfg = Debug|Any CPU
		{C6C2CE8F-1BD9-42FA-B7B3-07B3EDC8A06B}.Debug|Any CPU.Build.0 = Debug|Any CPU
		{C6C2CE8F-1BD9-42FA-B7B3-07B3EDC8A06B}.Release|Any CPU.ActiveCfg = Release|Any CPU
		{C6C2CE8F-1BD9-42FA-B7B3-07B3EDC8A06B}.Release|Any CPU.Build.0 = Release|Any CPU
	EndGlobalSection
	GlobalSection(SolutionProperties) = preSolution
		HideSolutionNode = FALSE
	EndGlobalSection
	GlobalSection(ExtensibilityGlobals) = postSolution
		SolutionGuid = {B5A48860-F712-43BA-80ED-37E3583393E9}
	EndGlobalSection
EndGlobal
