
Microsoft Visual Studio Solution File, Format Version 12.00
# Visual Studio Version 17
VisualStudioVersion = 17.14.36109.1 d17.14
MinimumVisualStudioVersion = 10.0.40219.1
Project("{FAE04EC0-301F-11D3-BF4B-00C04F79EFBC}") = "01.SmallestOfThreeNumbers", "01.SmallestOfThreeNumbers\01.SmallestOfThreeNumbers.csproj", "{C71AB058-152B-449B-B31C-3D40FD42A4E7}"
EndProject
Project("{FAE04EC0-301F-11D3-BF4B-00C04F79EFBC}") = "02.VowelsCount", "02.VowelsCount\02.VowelsCount.csproj", "{4C764CB2-E5A8-42D7-84F6-2869A4836A44}"
EndProject
Project("{FAE04EC0-301F-11D3-BF4B-00C04F79EFBC}") = "03.CharactersInRange", "03.CharactersInRange\03.CharactersInRange.csproj", "{BCF88E2A-7DC9-497B-BD35-975CDCBEBFA4}"
EndProject
Project("{FAE04EC0-301F-11D3-BF4B-00C04F79EFBC}") = "04.PasswordValidator", "04.PasswordValidator\04.PasswordValidator.csproj", "{C5F1C70C-D044-4A3B-B61B-ABFE6A24E905}"
EndProject
Project("{FAE04EC0-301F-11D3-BF4B-00C04F79EFBC}") = "05.AddAndSubtract", "05.AddAndSubtract\05.AddAndSubtract.csproj", "{7E254590-B830-4B41-9A3E-A359B4902935}"
EndProject
Project("{FAE04EC0-301F-11D3-BF4B-00C04F79EFBC}") = "06.MiddleCharacters", "06.MiddleCharacters\06.MiddleCharacters.csproj", "{EE2618A0-A69C-4C68-96EB-EE39DD373F91}"
EndProject
Project("{FAE04EC0-301F-11D3-BF4B-00C04F79EFBC}") = "07.NxNMatrix", "07.NxNMatrix\07.NxNMatrix.csproj", "{C0369298-60F2-4B02-BEB2-0212E790AD31}"
EndProject
Project("{FAE04EC0-301F-11D3-BF4B-00C04F79EFBC}") = "08.FactorialDivision", "08.FactorialDivision\08.FactorialDivision.csproj", "{DB663A6B-A17A-4CA0-BF0B-532CE18D36CE}"
EndProject
Project("{FAE04EC0-301F-11D3-BF4B-00C04F79EFBC}") = "09.PalindromeIntegers", "09.PalindromeIntegers\09.PalindromeIntegers.csproj", "{3B0994CE-6278-43E6-A058-7882C44A9906}"
EndProject
Project("{FAE04EC0-301F-11D3-BF4B-00C04F79EFBC}") = "10.TopNumber", "10.TopNumber\10.TopNumber.csproj", "{BDB473AC-77CD-49D0-BE58-89C318865507}"
EndProject
Project("{FAE04EC0-301F-11D3-BF4B-00C04F79EFBC}") = "11.ArrayManipulator", "11.ArrayManipulator\11.ArrayManipulator.csproj", "{C1FE6B67-562E-4129-A5FA-49DCB8F7077A}"
EndProject
Project("{FAE04EC0-301F-11D3-BF4B-00C04F79EFBC}") = "00.Demos", "00.Demos\00.Demos.csproj", "{0710EB71-4C49-46DE-A059-976D073814B9}"
EndProject
Global
	GlobalSection(SolutionConfigurationPlatforms) = preSolution
		Debug|Any CPU = Debug|Any CPU
		Release|Any CPU = Release|Any CPU
	EndGlobalSection
	GlobalSection(ProjectConfigurationPlatforms) = postSolution
		{C71AB058-152B-449B-B31C-3D40FD42A4E7}.Debug|Any CPU.ActiveCfg = Debug|Any CPU
		{C71AB058-152B-449B-B31C-3D40FD42A4E7}.Debug|Any CPU.Build.0 = Debug|Any CPU
		{C71AB058-152B-449B-B31C-3D40FD42A4E7}.Release|Any CPU.ActiveCfg = Release|Any CPU
		{C71AB058-152B-449B-B31C-3D40FD42A4E7}.Release|Any CPU.Build.0 = Release|Any CPU
		{4C764CB2-E5A8-42D7-84F6-2869A4836A44}.Debug|Any CPU.ActiveCfg = Debug|Any CPU
		{4C764CB2-E5A8-42D7-84F6-2869A4836A44}.Debug|Any CPU.Build.0 = Debug|Any CPU
		{4C764CB2-E5A8-42D7-84F6-2869A4836A44}.Release|Any CPU.ActiveCfg = Release|Any CPU
		{4C764CB2-E5A8-42D7-84F6-2869A4836A44}.Release|Any CPU.Build.0 = Release|Any CPU
		{BCF88E2A-7DC9-497B-BD35-975CDCBEBFA4}.Debug|Any CPU.ActiveCfg = Debug|Any CPU
		{BCF88E2A-7DC9-497B-BD35-975CDCBEBFA4}.Debug|Any CPU.Build.0 = Debug|Any CPU
		{BCF88E2A-7DC9-497B-BD35-975CDCBEBFA4}.Release|Any CPU.ActiveCfg = Release|Any CPU
		{BCF88E2A-7DC9-497B-BD35-975CDCBEBFA4}.Release|Any CPU.Build.0 = Release|Any CPU
		{C5F1C70C-D044-4A3B-B61B-ABFE6A24E905}.Debug|Any CPU.ActiveCfg = Debug|Any CPU
		{C5F1C70C-D044-4A3B-B61B-ABFE6A24E905}.Debug|Any CPU.Build.0 = Debug|Any CPU
		{C5F1C70C-D044-4A3B-B61B-ABFE6A24E905}.Release|Any CPU.ActiveCfg = Release|Any CPU
		{C5F1C70C-D044-4A3B-B61B-ABFE6A24E905}.Release|Any CPU.Build.0 = Release|Any CPU
		{7E254590-B830-4B41-9A3E-A359B4902935}.Debug|Any CPU.ActiveCfg = Debug|Any CPU
		{7E254590-B830-4B41-9A3E-A359B4902935}.Debug|Any CPU.Build.0 = Debug|Any CPU
		{7E254590-B830-4B41-9A3E-A359B4902935}.Release|Any CPU.ActiveCfg = Release|Any CPU
		{7E254590-B830-4B41-9A3E-A359B4902935}.Release|Any CPU.Build.0 = Release|Any CPU
		{EE2618A0-A69C-4C68-96EB-EE39DD373F91}.Debug|Any CPU.ActiveCfg = Debug|Any CPU
		{EE2618A0-A69C-4C68-96EB-EE39DD373F91}.Debug|Any CPU.Build.0 = Debug|Any CPU
		{EE2618A0-A69C-4C68-96EB-EE39DD373F91}.Release|Any CPU.ActiveCfg = Release|Any CPU
		{EE2618A0-A69C-4C68-96EB-EE39DD373F91}.Release|Any CPU.Build.0 = Release|Any CPU
		{C0369298-60F2-4B02-BEB2-0212E790AD31}.Debug|Any CPU.ActiveCfg = Debug|Any CPU
		{C0369298-60F2-4B02-BEB2-0212E790AD31}.Debug|Any CPU.Build.0 = Debug|Any CPU
		{C0369298-60F2-4B02-BEB2-0212E790AD31}.Release|Any CPU.ActiveCfg = Release|Any CPU
		{C0369298-60F2-4B02-BEB2-0212E790AD31}.Release|Any CPU.Build.0 = Release|Any CPU
		{DB663A6B-A17A-4CA0-BF0B-532CE18D36CE}.Debug|Any CPU.ActiveCfg = Debug|Any CPU
		{DB663A6B-A17A-4CA0-BF0B-532CE18D36CE}.Debug|Any CPU.Build.0 = Debug|Any CPU
		{DB663A6B-A17A-4CA0-BF0B-532CE18D36CE}.Release|Any CPU.ActiveCfg = Release|Any CPU
		{DB663A6B-A17A-4CA0-BF0B-532CE18D36CE}.Release|Any CPU.Build.0 = Release|Any CPU
		{3B0994CE-6278-43E6-A058-7882C44A9906}.Debug|Any CPU.ActiveCfg = Debug|Any CPU
		{3B0994CE-6278-43E6-A058-7882C44A9906}.Debug|Any CPU.Build.0 = Debug|Any CPU
		{3B0994CE-6278-43E6-A058-7882C44A9906}.Release|Any CPU.ActiveCfg = Release|Any CPU
		{3B0994CE-6278-43E6-A058-7882C44A9906}.Release|Any CPU.Build.0 = Release|Any CPU
		{BDB473AC-77CD-49D0-BE58-89C318865507}.Debug|Any CPU.ActiveCfg = Debug|Any CPU
		{BDB473AC-77CD-49D0-BE58-89C318865507}.Debug|Any CPU.Build.0 = Debug|Any CPU
		{BDB473AC-77CD-49D0-BE58-89C318865507}.Release|Any CPU.ActiveCfg = Release|Any CPU
		{BDB473AC-77CD-49D0-BE58-89C318865507}.Release|Any CPU.Build.0 = Release|Any CPU
		{C1FE6B67-562E-4129-A5FA-49DCB8F7077A}.Debug|Any CPU.ActiveCfg = Debug|Any CPU
		{C1FE6B67-562E-4129-A5FA-49DCB8F7077A}.Debug|Any CPU.Build.0 = Debug|Any CPU
		{C1FE6B67-562E-4129-A5FA-49DCB8F7077A}.Release|Any CPU.ActiveCfg = Release|Any CPU
		{C1FE6B67-562E-4129-A5FA-49DCB8F7077A}.Release|Any CPU.Build.0 = Release|Any CPU
		{0710EB71-4C49-46DE-A059-976D073814B9}.Debug|Any CPU.ActiveCfg = Debug|Any CPU
		{0710EB71-4C49-46DE-A059-976D073814B9}.Debug|Any CPU.Build.0 = Debug|Any CPU
		{0710EB71-4C49-46DE-A059-976D073814B9}.Release|Any CPU.ActiveCfg = Release|Any CPU
		{0710EB71-4C49-46DE-A059-976D073814B9}.Release|Any CPU.Build.0 = Release|Any CPU
	EndGlobalSection
	GlobalSection(SolutionProperties) = preSolution
		HideSolutionNode = FALSE
	EndGlobalSection
	GlobalSection(ExtensibilityGlobals) = postSolution
		SolutionGuid = {9626B3D1-EFC2-4FED-BAE9-D4E942AD12E8}
	EndGlobalSection
EndGlobal
