
Microsoft Visual Studio Solution File, Format Version 12.00
# Visual Studio Version 17
VisualStudioVersion = 17.11.35222.181
MinimumVisualStudioVersion = 10.0.40219.1
Project("{FAE04EC0-301F-11D3-BF4B-00C04F79EFBC}") = "01.ReadText", "01.ReadText\01.ReadText.csproj", "{3B911E1E-1DCB-4BA2-91FA-CD9D136A201B}"
EndProject
Project("{FAE04EC0-301F-11D3-BF4B-00C04F79EFBC}") = "02.Password", "02.Password\02.Password.csproj", "{0C8ECBAB-D452-4174-8D83-EC5EF83DB5E0}"
EndProject
Project("{FAE04EC0-301F-11D3-BF4B-00C04F79EFBC}") = "03.SumNumbers", "03.SumNumbers\03.SumNumbers.csproj", "{D0C6CB0F-78CE-420A-9DAC-A9CE2CD84D57}"
EndProject
Project("{FAE04EC0-301F-11D3-BF4B-00C04F79EFBC}") = "04.Sequence2kPlus1", "04.Sequence2kPlus1\04.Sequence2kPlus1.csproj", "{2080027C-9B3C-4C12-AF7D-448615C985E0}"
EndProject
Project("{FAE04EC0-301F-11D3-BF4B-00C04F79EFBC}") = "05.AccountBalance", "05.AccountBalance\05.AccountBalance.csproj", "{C3BDA879-4B2E-4F65-AE82-2BBB9FDDB412}"
EndProject
Project("{FAE04EC0-301F-11D3-BF4B-00C04F79EFBC}") = "06.MaxNumber", "06.MaxNumber\06.MaxNumber.csproj", "{3FE66415-2654-4E9F-8114-476621FCA6CE}"
EndProject
Project("{FAE04EC0-301F-11D3-BF4B-00C04F79EFBC}") = "07.MinNumber", "07.MinNumber\07.MinNumber.csproj", "{A65DBE5F-F0C9-4AD5-B53F-0AB17A6E511A}"
EndProject
Project("{FAE04EC0-301F-11D3-BF4B-00C04F79EFBC}") = "08.Graduation", "08.Graduation\08.Graduation.csproj", "{D6074422-DBE7-4A49-B5F2-A7A7D9B48FF9}"
EndProject
Global
	GlobalSection(SolutionConfigurationPlatforms) = preSolution
		Debug|Any CPU = Debug|Any CPU
		Release|Any CPU = Release|Any CPU
	EndGlobalSection
	GlobalSection(ProjectConfigurationPlatforms) = postSolution
		{3B911E1E-1DCB-4BA2-91FA-CD9D136A201B}.Debug|Any CPU.ActiveCfg = Debug|Any CPU
		{3B911E1E-1DCB-4BA2-91FA-CD9D136A201B}.Debug|Any CPU.Build.0 = Debug|Any CPU
		{3B911E1E-1DCB-4BA2-91FA-CD9D136A201B}.Release|Any CPU.ActiveCfg = Release|Any CPU
		{3B911E1E-1DCB-4BA2-91FA-CD9D136A201B}.Release|Any CPU.Build.0 = Release|Any CPU
		{0C8ECBAB-D452-4174-8D83-EC5EF83DB5E0}.Debug|Any CPU.ActiveCfg = Debug|Any CPU
		{0C8ECBAB-D452-4174-8D83-EC5EF83DB5E0}.Debug|Any CPU.Build.0 = Debug|Any CPU
		{0C8ECBAB-D452-4174-8D83-EC5EF83DB5E0}.Release|Any CPU.ActiveCfg = Release|Any CPU
		{0C8ECBAB-D452-4174-8D83-EC5EF83DB5E0}.Release|Any CPU.Build.0 = Release|Any CPU
		{D0C6CB0F-78CE-420A-9DAC-A9CE2CD84D57}.Debug|Any CPU.ActiveCfg = Debug|Any CPU
		{D0C6CB0F-78CE-420A-9DAC-A9CE2CD84D57}.Debug|Any CPU.Build.0 = Debug|Any CPU
		{D0C6CB0F-78CE-420A-9DAC-A9CE2CD84D57}.Release|Any CPU.ActiveCfg = Release|Any CPU
		{D0C6CB0F-78CE-420A-9DAC-A9CE2CD84D57}.Release|Any CPU.Build.0 = Release|Any CPU
		{2080027C-9B3C-4C12-AF7D-448615C985E0}.Debug|Any CPU.ActiveCfg = Debug|Any CPU
		{2080027C-9B3C-4C12-AF7D-448615C985E0}.Debug|Any CPU.Build.0 = Debug|Any CPU
		{2080027C-9B3C-4C12-AF7D-448615C985E0}.Release|Any CPU.ActiveCfg = Release|Any CPU
		{2080027C-9B3C-4C12-AF7D-448615C985E0}.Release|Any CPU.Build.0 = Release|Any CPU
		{C3BDA879-4B2E-4F65-AE82-2BBB9FDDB412}.Debug|Any CPU.ActiveCfg = Debug|Any CPU
		{C3BDA879-4B2E-4F65-AE82-2BBB9FDDB412}.Debug|Any CPU.Build.0 = Debug|Any CPU
		{C3BDA879-4B2E-4F65-AE82-2BBB9FDDB412}.Release|Any CPU.ActiveCfg = Release|Any CPU
		{C3BDA879-4B2E-4F65-AE82-2BBB9FDDB412}.Release|Any CPU.Build.0 = Release|Any CPU
		{3FE66415-2654-4E9F-8114-476621FCA6CE}.Debug|Any CPU.ActiveCfg = Debug|Any CPU
		{3FE66415-2654-4E9F-8114-476621FCA6CE}.Debug|Any CPU.Build.0 = Debug|Any CPU
		{3FE66415-2654-4E9F-8114-476621FCA6CE}.Release|Any CPU.ActiveCfg = Release|Any CPU
		{3FE66415-2654-4E9F-8114-476621FCA6CE}.Release|Any CPU.Build.0 = Release|Any CPU
		{A65DBE5F-F0C9-4AD5-B53F-0AB17A6E511A}.Debug|Any CPU.ActiveCfg = Debug|Any CPU
		{A65DBE5F-F0C9-4AD5-B53F-0AB17A6E511A}.Debug|Any CPU.Build.0 = Debug|Any CPU
		{A65DBE5F-F0C9-4AD5-B53F-0AB17A6E511A}.Release|Any CPU.ActiveCfg = Release|Any CPU
		{A65DBE5F-F0C9-4AD5-B53F-0AB17A6E511A}.Release|Any CPU.Build.0 = Release|Any CPU
		{D6074422-DBE7-4A49-B5F2-A7A7D9B48FF9}.Debug|Any CPU.ActiveCfg = Debug|Any CPU
		{D6074422-DBE7-4A49-B5F2-A7A7D9B48FF9}.Debug|Any CPU.Build.0 = Debug|Any CPU
		{D6074422-DBE7-4A49-B5F2-A7A7D9B48FF9}.Release|Any CPU.ActiveCfg = Release|Any CPU
		{D6074422-DBE7-4A49-B5F2-A7A7D9B48FF9}.Release|Any CPU.Build.0 = Release|Any CPU
	EndGlobalSection
	GlobalSection(SolutionProperties) = preSolution
		HideSolutionNode = FALSE
	EndGlobalSection
	GlobalSection(ExtensibilityGlobals) = postSolution
		SolutionGuid = {6071ED86-0609-4F8A-898B-C80A8D98AC4F}
	EndGlobalSection
EndGlobal
