
Microsoft Visual Studio Solution File, Format Version 12.00
# Visual Studio Version 17
VisualStudioVersion = 17.11.35222.181
MinimumVisualStudioVersion = 10.0.40219.1
Project("{9A19103F-16F7-4668-BE54-9A1E7A4F7556}") = "01.USDToBGN", "01.USDToBGN\01.USDToBGN.csproj", "{4AFA2C09-A634-4997-80FE-257244F52B14}"
EndProject
Project("{9A19103F-16F7-4668-BE54-9A1E7A4F7556}") = "02.RadiansToDegrees", "02.RadiansToDegrees\02.RadiansToDegrees.csproj", "{0E938C99-1C0F-4E0E-81D1-F3A6607A1810}"
EndProject
Project("{9A19103F-16F7-4668-BE54-9A1E7A4F7556}") = "03.DepositCalculator", "03.DepositCalculator\03.DepositCalculator.csproj", "{D81986B1-7C01-4B2D-89CA-D090FEE1DD26}"
EndProject
Project("{9A19103F-16F7-4668-BE54-9A1E7A4F7556}") = "04.VacationBooksList", "04.VacationBooksList\04.VacationBooksList.csproj", "{E391190F-5060-44C1-BD21-17727385208C}"
EndProject
Project("{9A19103F-16F7-4668-BE54-9A1E7A4F7556}") = "05.SuppliesForSchool", "05.SuppliesForSchool\05.SuppliesForSchool.csproj", "{FD8DB028-1890-4514-B2BE-0CAB3EA05BF9}"
EndProject
Project("{9A19103F-16F7-4668-BE54-9A1E7A4F7556}") = "06.Repainting", "06.Repainting\06.Repainting.csproj", "{B1275A80-4CCE-4F65-A398-371C495D585E}"
EndProject
Project("{9A19103F-16F7-4668-BE54-9A1E7A4F7556}") = "09.FishTank", "09.FishTank\09.FishTank.csproj", "{C823D985-6F8E-42E6-8397-A887B12CAC7E}"
EndProject
Project("{FAE04EC0-301F-11D3-BF4B-00C04F79EFBC}") = "07.FoodDelivery", "07.FoodDelivery\07.FoodDelivery.csproj", "{8CB59AA7-BC80-4B9D-8177-5F3767AA665A}"
EndProject
Project("{FAE04EC0-301F-11D3-BF4B-00C04F79EFBC}") = "08.BasketballEquipment", "08.BasketballEquipment\08.BasketballEquipment.csproj", "{ADFBD972-97E5-49FE-A226-1D50EC3F9A9D}"
EndProject
Global
	GlobalSection(SolutionConfigurationPlatforms) = preSolution
		Debug|Any CPU = Debug|Any CPU
		Release|Any CPU = Release|Any CPU
	EndGlobalSection
	GlobalSection(ProjectConfigurationPlatforms) = postSolution
		{4AFA2C09-A634-4997-80FE-257244F52B14}.Debug|Any CPU.ActiveCfg = Debug|Any CPU
		{4AFA2C09-A634-4997-80FE-257244F52B14}.Debug|Any CPU.Build.0 = Debug|Any CPU
		{4AFA2C09-A634-4997-80FE-257244F52B14}.Release|Any CPU.ActiveCfg = Release|Any CPU
		{4AFA2C09-A634-4997-80FE-257244F52B14}.Release|Any CPU.Build.0 = Release|Any CPU
		{0E938C99-1C0F-4E0E-81D1-F3A6607A1810}.Debug|Any CPU.ActiveCfg = Debug|Any CPU
		{0E938C99-1C0F-4E0E-81D1-F3A6607A1810}.Debug|Any CPU.Build.0 = Debug|Any CPU
		{0E938C99-1C0F-4E0E-81D1-F3A6607A1810}.Release|Any CPU.ActiveCfg = Release|Any CPU
		{0E938C99-1C0F-4E0E-81D1-F3A6607A1810}.Release|Any CPU.Build.0 = Release|Any CPU
		{D81986B1-7C01-4B2D-89CA-D090FEE1DD26}.Debug|Any CPU.ActiveCfg = Debug|Any CPU
		{D81986B1-7C01-4B2D-89CA-D090FEE1DD26}.Debug|Any CPU.Build.0 = Debug|Any CPU
		{D81986B1-7C01-4B2D-89CA-D090FEE1DD26}.Release|Any CPU.ActiveCfg = Release|Any CPU
		{D81986B1-7C01-4B2D-89CA-D090FEE1DD26}.Release|Any CPU.Build.0 = Release|Any CPU
		{E391190F-5060-44C1-BD21-17727385208C}.Debug|Any CPU.ActiveCfg = Debug|Any CPU
		{E391190F-5060-44C1-BD21-17727385208C}.Debug|Any CPU.Build.0 = Debug|Any CPU
		{E391190F-5060-44C1-BD21-17727385208C}.Release|Any CPU.ActiveCfg = Release|Any CPU
		{E391190F-5060-44C1-BD21-17727385208C}.Release|Any CPU.Build.0 = Release|Any CPU
		{FD8DB028-1890-4514-B2BE-0CAB3EA05BF9}.Debug|Any CPU.ActiveCfg = Debug|Any CPU
		{FD8DB028-1890-4514-B2BE-0CAB3EA05BF9}.Debug|Any CPU.Build.0 = Debug|Any CPU
		{FD8DB028-1890-4514-B2BE-0CAB3EA05BF9}.Release|Any CPU.ActiveCfg = Release|Any CPU
		{FD8DB028-1890-4514-B2BE-0CAB3EA05BF9}.Release|Any CPU.Build.0 = Release|Any CPU
		{B1275A80-4CCE-4F65-A398-371C495D585E}.Debug|Any CPU.ActiveCfg = Debug|Any CPU
		{B1275A80-4CCE-4F65-A398-371C495D585E}.Debug|Any CPU.Build.0 = Debug|Any CPU
		{B1275A80-4CCE-4F65-A398-371C495D585E}.Release|Any CPU.ActiveCfg = Release|Any CPU
		{B1275A80-4CCE-4F65-A398-371C495D585E}.Release|Any CPU.Build.0 = Release|Any CPU
		{C823D985-6F8E-42E6-8397-A887B12CAC7E}.Debug|Any CPU.ActiveCfg = Debug|Any CPU
		{C823D985-6F8E-42E6-8397-A887B12CAC7E}.Debug|Any CPU.Build.0 = Debug|Any CPU
		{C823D985-6F8E-42E6-8397-A887B12CAC7E}.Release|Any CPU.ActiveCfg = Release|Any CPU
		{C823D985-6F8E-42E6-8397-A887B12CAC7E}.Release|Any CPU.Build.0 = Release|Any CPU
		{8CB59AA7-BC80-4B9D-8177-5F3767AA665A}.Debug|Any CPU.ActiveCfg = Debug|Any CPU
		{8CB59AA7-BC80-4B9D-8177-5F3767AA665A}.Debug|Any CPU.Build.0 = Debug|Any CPU
		{8CB59AA7-BC80-4B9D-8177-5F3767AA665A}.Release|Any CPU.ActiveCfg = Release|Any CPU
		{8CB59AA7-BC80-4B9D-8177-5F3767AA665A}.Release|Any CPU.Build.0 = Release|Any CPU
		{ADFBD972-97E5-49FE-A226-1D50EC3F9A9D}.Debug|Any CPU.ActiveCfg = Debug|Any CPU
		{ADFBD972-97E5-49FE-A226-1D50EC3F9A9D}.Debug|Any CPU.Build.0 = Debug|Any CPU
		{ADFBD972-97E5-49FE-A226-1D50EC3F9A9D}.Release|Any CPU.ActiveCfg = Release|Any CPU
		{ADFBD972-97E5-49FE-A226-1D50EC3F9A9D}.Release|Any CPU.Build.0 = Release|Any CPU
	EndGlobalSection
	GlobalSection(SolutionProperties) = preSolution
		HideSolutionNode = FALSE
	EndGlobalSection
	GlobalSection(ExtensibilityGlobals) = postSolution
		SolutionGuid = {9941D3AB-97A5-4A30-B21A-548F9530F539}
	EndGlobalSection
EndGlobal
