
Microsoft Visual Studio Solution File, Format Version 12.00
# Visual Studio Version 17
VisualStudioVersion = 17.11.35222.181
MinimumVisualStudioVersion = 10.0.40219.1
Project("{9A19103F-16F7-4668-BE54-9A1E7A4F7556}") = "01.HelloSoftUni", "01.HelloSoftUni\01.HelloSoftUni.csproj", "{969EC4DD-2327-48B4-8E09-70E512CACF54}"
EndProject
Project("{9A19103F-16F7-4668-BE54-9A1E7A4F7556}") = "02.Nums1To10", "02.Nums1To10\02.Nums1To10.csproj", "{329AB41B-57BF-4BD9-8363-4FE5A75E7B21}"
EndProject
Project("{9A19103F-16F7-4668-BE54-9A1E7A4F7556}") = "03.RectangleArea", "03.RectangleArea\03.RectangleArea.csproj", "{837CB5A4-5165-492D-A11C-FCACC08DF50F}"
EndProject
Project("{9A19103F-16F7-4668-BE54-9A1E7A4F7556}") = "04.InchesToCentimeters", "04.InchesToCentimeters\04.InchesToCentimeters.csproj", "{78C4E5E1-71CA-4581-BD22-D8FDC5F9CF36}"
EndProject
Project("{9A19103F-16F7-4668-BE54-9A1E7A4F7556}") = "05.GreetingByName", "05.GreetingByName\05.GreetingByName.csproj", "{CA12DA48-6A3D-4BDC-BF15-D8359360CCB0}"
EndProject
Project("{9A19103F-16F7-4668-BE54-9A1E7A4F7556}") = "06.ConcatenateData", "06.ConcatenateData\06.ConcatenateData.csproj", "{C196FB84-390B-4ED5-9419-35E2164951AA}"
EndProject
Project("{FAE04EC0-301F-11D3-BF4B-00C04F79EFBC}") = "09.YardGreening", "09.YardGreening\09.YardGreening.csproj", "{DF6B0DFA-256D-4065-BB4A-5B4071AA3279}"
EndProject
Project("{FAE04EC0-301F-11D3-BF4B-00C04F79EFBC}") = "08.PetShop", "08.PetShop\08.PetShop.csproj", "{4C3CC5E3-9FBF-46FD-AF35-14216253B2EA}"
EndProject
Project("{FAE04EC0-301F-11D3-BF4B-00C04F79EFBC}") = "07.ProjectsCreation", "07.ProjectsCreation\07.ProjectsCreation.csproj", "{492D8D55-5AEA-4FB3-86B4-71D7F6561E8E}"
EndProject
Global
	GlobalSection(SolutionConfigurationPlatforms) = preSolution
		Debug|Any CPU = Debug|Any CPU
		Release|Any CPU = Release|Any CPU
	EndGlobalSection
	GlobalSection(ProjectConfigurationPlatforms) = postSolution
		{969EC4DD-2327-48B4-8E09-70E512CACF54}.Debug|Any CPU.ActiveCfg = Debug|Any CPU
		{969EC4DD-2327-48B4-8E09-70E512CACF54}.Debug|Any CPU.Build.0 = Debug|Any CPU
		{969EC4DD-2327-48B4-8E09-70E512CACF54}.Release|Any CPU.ActiveCfg = Release|Any CPU
		{969EC4DD-2327-48B4-8E09-70E512CACF54}.Release|Any CPU.Build.0 = Release|Any CPU
		{329AB41B-57BF-4BD9-8363-4FE5A75E7B21}.Debug|Any CPU.ActiveCfg = Debug|Any CPU
		{329AB41B-57BF-4BD9-8363-4FE5A75E7B21}.Debug|Any CPU.Build.0 = Debug|Any CPU
		{329AB41B-57BF-4BD9-8363-4FE5A75E7B21}.Release|Any CPU.ActiveCfg = Release|Any CPU
		{329AB41B-57BF-4BD9-8363-4FE5A75E7B21}.Release|Any CPU.Build.0 = Release|Any CPU
		{837CB5A4-5165-492D-A11C-FCACC08DF50F}.Debug|Any CPU.ActiveCfg = Debug|Any CPU
		{837CB5A4-5165-492D-A11C-FCACC08DF50F}.Debug|Any CPU.Build.0 = Debug|Any CPU
		{837CB5A4-5165-492D-A11C-FCACC08DF50F}.Release|Any CPU.ActiveCfg = Release|Any CPU
		{837CB5A4-5165-492D-A11C-FCACC08DF50F}.Release|Any CPU.Build.0 = Release|Any CPU
		{78C4E5E1-71CA-4581-BD22-D8FDC5F9CF36}.Debug|Any CPU.ActiveCfg = Debug|Any CPU
		{78C4E5E1-71CA-4581-BD22-D8FDC5F9CF36}.Debug|Any CPU.Build.0 = Debug|Any CPU
		{78C4E5E1-71CA-4581-BD22-D8FDC5F9CF36}.Release|Any CPU.ActiveCfg = Release|Any CPU
		{78C4E5E1-71CA-4581-BD22-D8FDC5F9CF36}.Release|Any CPU.Build.0 = Release|Any CPU
		{CA12DA48-6A3D-4BDC-BF15-D8359360CCB0}.Debug|Any CPU.ActiveCfg = Debug|Any CPU
		{CA12DA48-6A3D-4BDC-BF15-D8359360CCB0}.Debug|Any CPU.Build.0 = Debug|Any CPU
		{CA12DA48-6A3D-4BDC-BF15-D8359360CCB0}.Release|Any CPU.ActiveCfg = Release|Any CPU
		{CA12DA48-6A3D-4BDC-BF15-D8359360CCB0}.Release|Any CPU.Build.0 = Release|Any CPU
		{C196FB84-390B-4ED5-9419-35E2164951AA}.Debug|Any CPU.ActiveCfg = Debug|Any CPU
		{C196FB84-390B-4ED5-9419-35E2164951AA}.Debug|Any CPU.Build.0 = Debug|Any CPU
		{C196FB84-390B-4ED5-9419-35E2164951AA}.Release|Any CPU.ActiveCfg = Release|Any CPU
		{C196FB84-390B-4ED5-9419-35E2164951AA}.Release|Any CPU.Build.0 = Release|Any CPU
		{DF6B0DFA-256D-4065-BB4A-5B4071AA3279}.Debug|Any CPU.ActiveCfg = Debug|Any CPU
		{DF6B0DFA-256D-4065-BB4A-5B4071AA3279}.Debug|Any CPU.Build.0 = Debug|Any CPU
		{DF6B0DFA-256D-4065-BB4A-5B4071AA3279}.Release|Any CPU.ActiveCfg = Release|Any CPU
		{DF6B0DFA-256D-4065-BB4A-5B4071AA3279}.Release|Any CPU.Build.0 = Release|Any CPU
		{4C3CC5E3-9FBF-46FD-AF35-14216253B2EA}.Debug|Any CPU.ActiveCfg = Debug|Any CPU
		{4C3CC5E3-9FBF-46FD-AF35-14216253B2EA}.Debug|Any CPU.Build.0 = Debug|Any CPU
		{4C3CC5E3-9FBF-46FD-AF35-14216253B2EA}.Release|Any CPU.ActiveCfg = Release|Any CPU
		{4C3CC5E3-9FBF-46FD-AF35-14216253B2EA}.Release|Any CPU.Build.0 = Release|Any CPU
		{492D8D55-5AEA-4FB3-86B4-71D7F6561E8E}.Debug|Any CPU.ActiveCfg = Debug|Any CPU
		{492D8D55-5AEA-4FB3-86B4-71D7F6561E8E}.Debug|Any CPU.Build.0 = Debug|Any CPU
		{492D8D55-5AEA-4FB3-86B4-71D7F6561E8E}.Release|Any CPU.ActiveCfg = Release|Any CPU
		{492D8D55-5AEA-4FB3-86B4-71D7F6561E8E}.Release|Any CPU.Build.0 = Release|Any CPU
	EndGlobalSection
	GlobalSection(SolutionProperties) = preSolution
		HideSolutionNode = FALSE
	EndGlobalSection
	GlobalSection(ExtensibilityGlobals) = postSolution
		SolutionGuid = {91796A28-40C2-4C2F-9359-857C9CBE008D}
	EndGlobalSection
EndGlobal
