
Microsoft Visual Studio Solution File, Format Version 12.00
# Visual Studio Version 17
VisualStudioVersion = 17.14.36109.1 d17.14
MinimumVisualStudioVersion = 10.0.40219.1
Project("{FAE04EC0-301F-11D3-BF4B-00C04F79EFBC}") = "01.CountRealNumbers", "01.CountRealNumbers\01.CountRealNumbers.csproj", "{F597C263-95E9-4361-BCA7-CAA14F00ABFB}"
EndProject
Project("{FAE04EC0-301F-11D3-BF4B-00C04F79EFBC}") = "02.OddOccurrences", "02.OddOccurrences\02.OddOccurrences.csproj", "{27BF6AF9-63D2-400C-9B9F-C28634A14EFE}"
EndProject
Project("{FAE04EC0-301F-11D3-BF4B-00C04F79EFBC}") = "03.WordSynonyms", "03.WordSynonyms\03.WordSynonyms.csproj", "{3A2B5248-024E-4EF4-A838-BEF63C9B43BC}"
EndProject
Project("{FAE04EC0-301F-11D3-BF4B-00C04F79EFBC}") = "04.WordFilter", "04.WordFilter\04.WordFilter.csproj", "{DF9A7222-F1C4-4836-B189-BF092F84C1AE}"
EndProject
Global
	GlobalSection(SolutionConfigurationPlatforms) = preSolution
		Debug|Any CPU = Debug|Any CPU
		Release|Any CPU = Release|Any CPU
	EndGlobalSection
	GlobalSection(ProjectConfigurationPlatforms) = postSolution
		{F597C263-95E9-4361-BCA7-CAA14F00ABFB}.Debug|Any CPU.ActiveCfg = Debug|Any CPU
		{F597C263-95E9-4361-BCA7-CAA14F00ABFB}.Debug|Any CPU.Build.0 = Debug|Any CPU
		{F597C263-95E9-4361-BCA7-CAA14F00ABFB}.Release|Any CPU.ActiveCfg = Release|Any CPU
		{F597C263-95E9-4361-BCA7-CAA14F00ABFB}.Release|Any CPU.Build.0 = Release|Any CPU
		{27BF6AF9-63D2-400C-9B9F-C28634A14EFE}.Debug|Any CPU.ActiveCfg = Debug|Any CPU
		{27BF6AF9-63D2-400C-9B9F-C28634A14EFE}.Debug|Any CPU.Build.0 = Debug|Any CPU
		{27BF6AF9-63D2-400C-9B9F-C28634A14EFE}.Release|Any CPU.ActiveCfg = Release|Any CPU
		{27BF6AF9-63D2-400C-9B9F-C28634A14EFE}.Release|Any CPU.Build.0 = Release|Any CPU
		{3A2B5248-024E-4EF4-A838-BEF63C9B43BC}.Debug|Any CPU.ActiveCfg = Debug|Any CPU
		{3A2B5248-024E-4EF4-A838-BEF63C9B43BC}.Debug|Any CPU.Build.0 = Debug|Any CPU
		{3A2B5248-024E-4EF4-A838-BEF63C9B43BC}.Release|Any CPU.ActiveCfg = Release|Any CPU
		{3A2B5248-024E-4EF4-A838-BEF63C9B43BC}.Release|Any CPU.Build.0 = Release|Any CPU
		{DF9A7222-F1C4-4836-B189-BF092F84C1AE}.Debug|Any CPU.ActiveCfg = Debug|Any CPU
		{DF9A7222-F1C4-4836-B189-BF092F84C1AE}.Debug|Any CPU.Build.0 = Debug|Any CPU
		{DF9A7222-F1C4-4836-B189-BF092F84C1AE}.Release|Any CPU.ActiveCfg = Release|Any CPU
		{DF9A7222-F1C4-4836-B189-BF092F84C1AE}.Release|Any CPU.Build.0 = Release|Any CPU
	EndGlobalSection
	GlobalSection(SolutionProperties) = preSolution
		HideSolutionNode = FALSE
	EndGlobalSection
	GlobalSection(ExtensibilityGlobals) = postSolution
		SolutionGuid = {2372D9CB-8928-4AE0-9D27-E5B213B23736}
	EndGlobalSection
EndGlobal
