
Microsoft Visual Studio Solution File, Format Version 12.00
# Visual Studio Version 17
VisualStudioVersion = 17.14.36109.1 d17.14
MinimumVisualStudioVersion = 10.0.40219.1
Project("{FAE04EC0-301F-11D3-BF4B-00C04F79EFBC}") = "01.AdvertisementMessage", "01.AdvertisementMessage\01.AdvertisementMessage.csproj", "{BE69DA97-5606-44FE-AD6B-31B2EEAEEF9D}"
EndProject
Project("{FAE04EC0-301F-11D3-BF4B-00C04F79EFBC}") = "02.Articles", "02.Articles\02.Articles.csproj", "{9F698F30-93A0-42BC-9486-61E1C1C40AB2}"
EndProject
Project("{FAE04EC0-301F-11D3-BF4B-00C04F79EFBC}") = "03.Articles2.0", "03.Articles2.0\03.Articles2.0.csproj", "{F74C423F-D47F-43AD-BCCC-FFCE2731A18C}"
EndProject
Project("{FAE04EC0-301F-11D3-BF4B-00C04F79EFBC}") = "04.Students", "04.Students\04.Students.csproj", "{C2BC4A72-7128-4E59-B15C-BAAD9030F856}"
EndProject
Project("{FAE04EC0-301F-11D3-BF4B-00C04F79EFBC}") = "05.TeamworkProjects", "05.TeamworkProjects\05.TeamworkProjects.csproj", "{AEFECA3D-35CD-4577-AA32-F2B9DC37EBBC}"
EndProject
Project("{FAE04EC0-301F-11D3-BF4B-00C04F79EFBC}") = "06.VehicleCatalogue", "06.VehicleCatalogue\06.VehicleCatalogue.csproj", "{6608DF07-4AA1-4B6A-9D14-40208A0F6EE2}"
EndProject
Project("{FAE04EC0-301F-11D3-BF4B-00C04F79EFBC}") = "07.OrderByAge", "07.OrderByAge\07.OrderByAge.csproj", "{0552899C-DEBD-4CDF-92A3-6D228CED87BF}"
EndProject
Global
	GlobalSection(SolutionConfigurationPlatforms) = preSolution
		Debug|Any CPU = Debug|Any CPU
		Release|Any CPU = Release|Any CPU
	EndGlobalSection
	GlobalSection(ProjectConfigurationPlatforms) = postSolution
		{BE69DA97-5606-44FE-AD6B-31B2EEAEEF9D}.Debug|Any CPU.ActiveCfg = Debug|Any CPU
		{BE69DA97-5606-44FE-AD6B-31B2EEAEEF9D}.Debug|Any CPU.Build.0 = Debug|Any CPU
		{BE69DA97-5606-44FE-AD6B-31B2EEAEEF9D}.Release|Any CPU.ActiveCfg = Release|Any CPU
		{BE69DA97-5606-44FE-AD6B-31B2EEAEEF9D}.Release|Any CPU.Build.0 = Release|Any CPU
		{9F698F30-93A0-42BC-9486-61E1C1C40AB2}.Debug|Any CPU.ActiveCfg = Debug|Any CPU
		{9F698F30-93A0-42BC-9486-61E1C1C40AB2}.Debug|Any CPU.Build.0 = Debug|Any CPU
		{9F698F30-93A0-42BC-9486-61E1C1C40AB2}.Release|Any CPU.ActiveCfg = Release|Any CPU
		{9F698F30-93A0-42BC-9486-61E1C1C40AB2}.Release|Any CPU.Build.0 = Release|Any CPU
		{F74C423F-D47F-43AD-BCCC-FFCE2731A18C}.Debug|Any CPU.ActiveCfg = Debug|Any CPU
		{F74C423F-D47F-43AD-BCCC-FFCE2731A18C}.Debug|Any CPU.Build.0 = Debug|Any CPU
		{F74C423F-D47F-43AD-BCCC-FFCE2731A18C}.Release|Any CPU.ActiveCfg = Release|Any CPU
		{F74C423F-D47F-43AD-BCCC-FFCE2731A18C}.Release|Any CPU.Build.0 = Release|Any CPU
		{C2BC4A72-7128-4E59-B15C-BAAD9030F856}.Debug|Any CPU.ActiveCfg = Debug|Any CPU
		{C2BC4A72-7128-4E59-B15C-BAAD9030F856}.Debug|Any CPU.Build.0 = Debug|Any CPU
		{C2BC4A72-7128-4E59-B15C-BAAD9030F856}.Release|Any CPU.ActiveCfg = Release|Any CPU
		{C2BC4A72-7128-4E59-B15C-BAAD9030F856}.Release|Any CPU.Build.0 = Release|Any CPU
		{AEFECA3D-35CD-4577-AA32-F2B9DC37EBBC}.Debug|Any CPU.ActiveCfg = Debug|Any CPU
		{AEFECA3D-35CD-4577-AA32-F2B9DC37EBBC}.Debug|Any CPU.Build.0 = Debug|Any CPU
		{AEFECA3D-35CD-4577-AA32-F2B9DC37EBBC}.Release|Any CPU.ActiveCfg = Release|Any CPU
		{AEFECA3D-35CD-4577-AA32-F2B9DC37EBBC}.Release|Any CPU.Build.0 = Release|Any CPU
		{6608DF07-4AA1-4B6A-9D14-40208A0F6EE2}.Debug|Any CPU.ActiveCfg = Debug|Any CPU
		{6608DF07-4AA1-4B6A-9D14-40208A0F6EE2}.Debug|Any CPU.Build.0 = Debug|Any CPU
		{6608DF07-4AA1-4B6A-9D14-40208A0F6EE2}.Release|Any CPU.ActiveCfg = Release|Any CPU
		{6608DF07-4AA1-4B6A-9D14-40208A0F6EE2}.Release|Any CPU.Build.0 = Release|Any CPU
		{0552899C-DEBD-4CDF-92A3-6D228CED87BF}.Debug|Any CPU.ActiveCfg = Debug|Any CPU
		{0552899C-DEBD-4CDF-92A3-6D228CED87BF}.Debug|Any CPU.Build.0 = Debug|Any CPU
		{0552899C-DEBD-4CDF-92A3-6D228CED87BF}.Release|Any CPU.ActiveCfg = Release|Any CPU
		{0552899C-DEBD-4CDF-92A3-6D228CED87BF}.Release|Any CPU.Build.0 = Release|Any CPU
	EndGlobalSection
	GlobalSection(SolutionProperties) = preSolution
		HideSolutionNode = FALSE
	EndGlobalSection
	GlobalSection(ExtensibilityGlobals) = postSolution
		SolutionGuid = {A05D7FD1-5F4A-42B7-A9D7-B96D2A9D7C6E}
	EndGlobalSection
EndGlobal
