
Microsoft Visual Studio Solution File, Format Version 12.00
# Visual Studio Version 17
VisualStudioVersion = 17.11.35222.181
MinimumVisualStudioVersion = 10.0.40219.1
Project("{FAE04EC0-301F-11D3-BF4B-00C04F79EFBC}") = "01.PipesInPool", "01.PipesInPool\01.PipesInPool.csproj", "{3430D7AD-F080-47BD-8D21-E56988F58879}"
EndProject
Project("{FAE04EC0-301F-11D3-BF4B-00C04F79EFBC}") = "02.SleepyTomCat", "02.SleepyTomCat\02.SleepyTomCat.csproj", "{517AFD02-1436-4E2E-8B57-1CC4694F5C66}"
EndProject
Project("{FAE04EC0-301F-11D3-BF4B-00C04F79EFBC}") = "03.Harvest", "03.Harvest\03.Harvest.csproj", "{D2433D18-4FFF-4593-B20F-1B706EF41ED2}"
EndProject
Project("{FAE04EC0-301F-11D3-BF4B-00C04F79EFBC}") = "04.TransportPrice", "04.TransportPrice\04.TransportPrice.csproj", "{E4408BE6-349D-4F15-9F9C-AA37F14A2DE7}"
EndProject
Project("{FAE04EC0-301F-11D3-BF4B-00C04F79EFBC}") = "05.Pets", "05.Pets\05.Pets.csproj", "{506B6B3C-8552-4A95-B653-C02A01590D4D}"
EndProject
Project("{FAE04EC0-301F-11D3-BF4B-00C04F79EFBC}") = "06.FlowerShop", "06.FlowerShop\06.FlowerShop.csproj", "{456234EC-0495-4371-BC76-C67D4ABFE26A}"
EndProject
Project("{FAE04EC0-301F-11D3-BF4B-00C04F79EFBC}") = "07.FuelTank", "07.FuelTank\07.FuelTank.csproj", "{24C7F5FF-6091-465F-B17E-8B5B3A564E33}"
EndProject
Project("{FAE04EC0-301F-11D3-BF4B-00C04F79EFBC}") = "08.FuelTank-Part 2", "08.FuelTank-Part 2\08.FuelTank-Part 2.csproj", "{4767EA6D-AB1E-47C3-99E3-688B86E635D8}"
EndProject
Global
	GlobalSection(SolutionConfigurationPlatforms) = preSolution
		Debug|Any CPU = Debug|Any CPU
		Release|Any CPU = Release|Any CPU
	EndGlobalSection
	GlobalSection(ProjectConfigurationPlatforms) = postSolution
		{3430D7AD-F080-47BD-8D21-E56988F58879}.Debug|Any CPU.ActiveCfg = Debug|Any CPU
		{3430D7AD-F080-47BD-8D21-E56988F58879}.Debug|Any CPU.Build.0 = Debug|Any CPU
		{3430D7AD-F080-47BD-8D21-E56988F58879}.Release|Any CPU.ActiveCfg = Release|Any CPU
		{3430D7AD-F080-47BD-8D21-E56988F58879}.Release|Any CPU.Build.0 = Release|Any CPU
		{517AFD02-1436-4E2E-8B57-1CC4694F5C66}.Debug|Any CPU.ActiveCfg = Debug|Any CPU
		{517AFD02-1436-4E2E-8B57-1CC4694F5C66}.Debug|Any CPU.Build.0 = Debug|Any CPU
		{517AFD02-1436-4E2E-8B57-1CC4694F5C66}.Release|Any CPU.ActiveCfg = Release|Any CPU
		{517AFD02-1436-4E2E-8B57-1CC4694F5C66}.Release|Any CPU.Build.0 = Release|Any CPU
		{D2433D18-4FFF-4593-B20F-1B706EF41ED2}.Debug|Any CPU.ActiveCfg = Debug|Any CPU
		{D2433D18-4FFF-4593-B20F-1B706EF41ED2}.Debug|Any CPU.Build.0 = Debug|Any CPU
		{D2433D18-4FFF-4593-B20F-1B706EF41ED2}.Release|Any CPU.ActiveCfg = Release|Any CPU
		{D2433D18-4FFF-4593-B20F-1B706EF41ED2}.Release|Any CPU.Build.0 = Release|Any CPU
		{E4408BE6-349D-4F15-9F9C-AA37F14A2DE7}.Debug|Any CPU.ActiveCfg = Debug|Any CPU
		{E4408BE6-349D-4F15-9F9C-AA37F14A2DE7}.Debug|Any CPU.Build.0 = Debug|Any CPU
		{E4408BE6-349D-4F15-9F9C-AA37F14A2DE7}.Release|Any CPU.ActiveCfg = Release|Any CPU
		{E4408BE6-349D-4F15-9F9C-AA37F14A2DE7}.Release|Any CPU.Build.0 = Release|Any CPU
		{506B6B3C-8552-4A95-B653-C02A01590D4D}.Debug|Any CPU.ActiveCfg = Debug|Any CPU
		{506B6B3C-8552-4A95-B653-C02A01590D4D}.Debug|Any CPU.Build.0 = Debug|Any CPU
		{506B6B3C-8552-4A95-B653-C02A01590D4D}.Release|Any CPU.ActiveCfg = Release|Any CPU
		{506B6B3C-8552-4A95-B653-C02A01590D4D}.Release|Any CPU.Build.0 = Release|Any CPU
		{456234EC-0495-4371-BC76-C67D4ABFE26A}.Debug|Any CPU.ActiveCfg = Debug|Any CPU
		{456234EC-0495-4371-BC76-C67D4ABFE26A}.Debug|Any CPU.Build.0 = Debug|Any CPU
		{456234EC-0495-4371-BC76-C67D4ABFE26A}.Release|Any CPU.ActiveCfg = Release|Any CPU
		{456234EC-0495-4371-BC76-C67D4ABFE26A}.Release|Any CPU.Build.0 = Release|Any CPU
		{24C7F5FF-6091-465F-B17E-8B5B3A564E33}.Debug|Any CPU.ActiveCfg = Debug|Any CPU
		{24C7F5FF-6091-465F-B17E-8B5B3A564E33}.Debug|Any CPU.Build.0 = Debug|Any CPU
		{24C7F5FF-6091-465F-B17E-8B5B3A564E33}.Release|Any CPU.ActiveCfg = Release|Any CPU
		{24C7F5FF-6091-465F-B17E-8B5B3A564E33}.Release|Any CPU.Build.0 = Release|Any CPU
		{4767EA6D-AB1E-47C3-99E3-688B86E635D8}.Debug|Any CPU.ActiveCfg = Debug|Any CPU
		{4767EA6D-AB1E-47C3-99E3-688B86E635D8}.Debug|Any CPU.Build.0 = Debug|Any CPU
		{4767EA6D-AB1E-47C3-99E3-688B86E635D8}.Release|Any CPU.ActiveCfg = Release|Any CPU
		{4767EA6D-AB1E-47C3-99E3-688B86E635D8}.Release|Any CPU.Build.0 = Release|Any CPU
	EndGlobalSection
	GlobalSection(SolutionProperties) = preSolution
		HideSolutionNode = FALSE
	EndGlobalSection
	GlobalSection(ExtensibilityGlobals) = postSolution
		SolutionGuid = {0316D5A6-5575-48F8-8918-7DFB59FC96B5}
	EndGlobalSection
EndGlobal
