
Microsoft Visual Studio Solution File, Format Version 12.00
# Visual Studio Version 17
VisualStudioVersion = 17.14.36109.1
MinimumVisualStudioVersion = 10.0.40219.1
Project("{FAE04EC0-301F-11D3-BF4B-00C04F79EFBC}") = "01.Train", "01.Train\01.Train.csproj", "{19E3AE43-4654-4B5C-8DEE-B775E4A98B5F}"
EndProject
Project("{FAE04EC0-301F-11D3-BF4B-00C04F79EFBC}") = "02.ChangeList", "02.ChangeList\02.ChangeList.csproj", "{6C62A728-4521-400B-AEED-914D459F0BE3}"
EndProject
Project("{FAE04EC0-301F-11D3-BF4B-00C04F79EFBC}") = "03.HouseParty", "03.HouseParty\03.HouseParty.csproj", "{99C4B458-D6FD-494A-BDB6-C4E37A9DD901}"
EndProject
Project("{FAE04EC0-301F-11D3-BF4B-00C04F79EFBC}") = "04.ListOperations", "04.ListOperations\04.ListOperations.csproj", "{AC59773D-0F39-4095-84EC-CB2E00290345}"
EndProject
Project("{FAE04EC0-301F-11D3-BF4B-00C04F79EFBC}") = "05.BombNumbers", "05.BombNumbers\05.BombNumbers.csproj", "{8F39F65A-DE7E-4D8E-B32D-7F4468DD58BD}"
EndProject
Project("{FAE04EC0-301F-11D3-BF4B-00C04F79EFBC}") = "06.CardsGame", "06.CardsGame\06.CardsGame.csproj", "{C7090892-3C8F-42E8-A8ED-FFA31B935E9B}"
EndProject
Project("{FAE04EC0-301F-11D3-BF4B-00C04F79EFBC}") = "07.AppendArrays", "07.AppendArrays\07.AppendArrays.csproj", "{19DC86E2-BE42-4791-926C-CACD7B79AE87}"
EndProject
Project("{FAE04EC0-301F-11D3-BF4B-00C04F79EFBC}") = "08.AnonymousThreat", "08.AnonymousThreat\08.AnonymousThreat.csproj", "{32CDD1D1-C1D8-4C63-8F42-DC9C6DA9907C}"
EndProject
Project("{FAE04EC0-301F-11D3-BF4B-00C04F79EFBC}") = "09.PokemonDontGo", "09.PokemonDontGo\09.PokemonDontGo.csproj", "{127A8585-AEF8-4419-8226-6B2069F87436}"
EndProject
Project("{FAE04EC0-301F-11D3-BF4B-00C04F79EFBC}") = "10.SoftUniCoursePlanning", "10.SoftUniCoursePlanning\10.SoftUniCoursePlanning.csproj", "{597D3B14-3563-4703-8FD3-FB2F60C8A92B}"
EndProject
Project("{FAE04EC0-301F-11D3-BF4B-00C04F79EFBC}") = "00.Demos", "00.Demos\00.Demos.csproj", "{6AE39FB1-924D-4B3D-9169-E752CDB9B762}"
EndProject
Global
	GlobalSection(SolutionConfigurationPlatforms) = preSolution
		Debug|Any CPU = Debug|Any CPU
		Release|Any CPU = Release|Any CPU
	EndGlobalSection
	GlobalSection(ProjectConfigurationPlatforms) = postSolution
		{19E3AE43-4654-4B5C-8DEE-B775E4A98B5F}.Debug|Any CPU.ActiveCfg = Debug|Any CPU
		{19E3AE43-4654-4B5C-8DEE-B775E4A98B5F}.Debug|Any CPU.Build.0 = Debug|Any CPU
		{19E3AE43-4654-4B5C-8DEE-B775E4A98B5F}.Release|Any CPU.ActiveCfg = Release|Any CPU
		{19E3AE43-4654-4B5C-8DEE-B775E4A98B5F}.Release|Any CPU.Build.0 = Release|Any CPU
		{6C62A728-4521-400B-AEED-914D459F0BE3}.Debug|Any CPU.ActiveCfg = Debug|Any CPU
		{6C62A728-4521-400B-AEED-914D459F0BE3}.Debug|Any CPU.Build.0 = Debug|Any CPU
		{6C62A728-4521-400B-AEED-914D459F0BE3}.Release|Any CPU.ActiveCfg = Release|Any CPU
		{6C62A728-4521-400B-AEED-914D459F0BE3}.Release|Any CPU.Build.0 = Release|Any CPU
		{99C4B458-D6FD-494A-BDB6-C4E37A9DD901}.Debug|Any CPU.ActiveCfg = Debug|Any CPU
		{99C4B458-D6FD-494A-BDB6-C4E37A9DD901}.Debug|Any CPU.Build.0 = Debug|Any CPU
		{99C4B458-D6FD-494A-BDB6-C4E37A9DD901}.Release|Any CPU.ActiveCfg = Release|Any CPU
		{99C4B458-D6FD-494A-BDB6-C4E37A9DD901}.Release|Any CPU.Build.0 = Release|Any CPU
		{AC59773D-0F39-4095-84EC-CB2E00290345}.Debug|Any CPU.ActiveCfg = Debug|Any CPU
		{AC59773D-0F39-4095-84EC-CB2E00290345}.Debug|Any CPU.Build.0 = Debug|Any CPU
		{AC59773D-0F39-4095-84EC-CB2E00290345}.Release|Any CPU.ActiveCfg = Release|Any CPU
		{AC59773D-0F39-4095-84EC-CB2E00290345}.Release|Any CPU.Build.0 = Release|Any CPU
		{8F39F65A-DE7E-4D8E-B32D-7F4468DD58BD}.Debug|Any CPU.ActiveCfg = Debug|Any CPU
		{8F39F65A-DE7E-4D8E-B32D-7F4468DD58BD}.Debug|Any CPU.Build.0 = Debug|Any CPU
		{8F39F65A-DE7E-4D8E-B32D-7F4468DD58BD}.Release|Any CPU.ActiveCfg = Release|Any CPU
		{8F39F65A-DE7E-4D8E-B32D-7F4468DD58BD}.Release|Any CPU.Build.0 = Release|Any CPU
		{C7090892-3C8F-42E8-A8ED-FFA31B935E9B}.Debug|Any CPU.ActiveCfg = Debug|Any CPU
		{C7090892-3C8F-42E8-A8ED-FFA31B935E9B}.Debug|Any CPU.Build.0 = Debug|Any CPU
		{C7090892-3C8F-42E8-A8ED-FFA31B935E9B}.Release|Any CPU.ActiveCfg = Release|Any CPU
		{C7090892-3C8F-42E8-A8ED-FFA31B935E9B}.Release|Any CPU.Build.0 = Release|Any CPU
		{19DC86E2-BE42-4791-926C-CACD7B79AE87}.Debug|Any CPU.ActiveCfg = Debug|Any CPU
		{19DC86E2-BE42-4791-926C-CACD7B79AE87}.Debug|Any CPU.Build.0 = Debug|Any CPU
		{19DC86E2-BE42-4791-926C-CACD7B79AE87}.Release|Any CPU.ActiveCfg = Release|Any CPU
		{19DC86E2-BE42-4791-926C-CACD7B79AE87}.Release|Any CPU.Build.0 = Release|Any CPU
		{32CDD1D1-C1D8-4C63-8F42-DC9C6DA9907C}.Debug|Any CPU.ActiveCfg = Debug|Any CPU
		{32CDD1D1-C1D8-4C63-8F42-DC9C6DA9907C}.Debug|Any CPU.Build.0 = Debug|Any CPU
		{32CDD1D1-C1D8-4C63-8F42-DC9C6DA9907C}.Release|Any CPU.ActiveCfg = Release|Any CPU
		{32CDD1D1-C1D8-4C63-8F42-DC9C6DA9907C}.Release|Any CPU.Build.0 = Release|Any CPU
		{127A8585-AEF8-4419-8226-6B2069F87436}.Debug|Any CPU.ActiveCfg = Debug|Any CPU
		{127A8585-AEF8-4419-8226-6B2069F87436}.Debug|Any CPU.Build.0 = Debug|Any CPU
		{127A8585-AEF8-4419-8226-6B2069F87436}.Release|Any CPU.ActiveCfg = Release|Any CPU
		{127A8585-AEF8-4419-8226-6B2069F87436}.Release|Any CPU.Build.0 = Release|Any CPU
		{597D3B14-3563-4703-8FD3-FB2F60C8A92B}.Debug|Any CPU.ActiveCfg = Debug|Any CPU
		{597D3B14-3563-4703-8FD3-FB2F60C8A92B}.Debug|Any CPU.Build.0 = Debug|Any CPU
		{597D3B14-3563-4703-8FD3-FB2F60C8A92B}.Release|Any CPU.ActiveCfg = Release|Any CPU
		{597D3B14-3563-4703-8FD3-FB2F60C8A92B}.Release|Any CPU.Build.0 = Release|Any CPU
		{6AE39FB1-924D-4B3D-9169-E752CDB9B762}.Debug|Any CPU.ActiveCfg = Debug|Any CPU
		{6AE39FB1-924D-4B3D-9169-E752CDB9B762}.Debug|Any CPU.Build.0 = Debug|Any CPU
		{6AE39FB1-924D-4B3D-9169-E752CDB9B762}.Release|Any CPU.ActiveCfg = Release|Any CPU
		{6AE39FB1-924D-4B3D-9169-E752CDB9B762}.Release|Any CPU.Build.0 = Release|Any CPU
	EndGlobalSection
	GlobalSection(SolutionProperties) = preSolution
		HideSolutionNode = FALSE
	EndGlobalSection
	GlobalSection(ExtensibilityGlobals) = postSolution
		SolutionGuid = {5808E35A-FC42-4D79-ABAC-9A13692AD8F7}
	EndGlobalSection
EndGlobal
